
Microsoft Visual Studio Solution File, Format Version 12.00
# Visual Studio Version 16
VisualStudioVersion = 16.0.29609.76
MinimumVisualStudioVersion = 10.0.40219.1
Project("{2150E333-8FDC-42A3-9474-1A3956D46DE8}") = "src", "src", "{9D65CB28-545C-487A-A0EB-FA60E08AB833}"
EndProject
Project("{9A19103F-16F7-4668-BE54-9A1E7A4F7556}") = "Netcool.Core", "src\Netcool.Core\Netcool.Core.csproj", "{EA78C574-5590-40F1-A5C0-05D41C844F62}"
EndProject
Project("{9A19103F-16F7-4668-BE54-9A1E7A4F7556}") = "Netcool.Api", "src\Netcool.Api\Netcool.Api.csproj", "{5D7273B0-2474-4529-8DD2-95ECB1023A91}"
EndProject
Project("{FAE04EC0-301F-11D3-BF4B-00C04F79EFBC}") = "Netcool.Api.Domain", "src\Netcool.Api.Domain\Netcool.Api.Domain.csproj", "{46CEBC5E-AE66-4649-BE0E-4FB3A3AED78D}"
EndProject
Project("{2150E333-8FDC-42A3-9474-1A3956D46DE8}") = "extensions", "extensions", "{1C07C64C-3225-4EB5-95A0-5D94FBB548F0}"
EndProject
Project("{FAE04EC0-301F-11D3-BF4B-00C04F79EFBC}") = "Netcool.Swashbuckle.AspNetCore", "src\extensions\Netcool.Swashbuckle.AspNetCore\Netcool.Swashbuckle.AspNetCore.csproj", "{194AEE7B-A287-4343-9C22-4C2839D8729D}"
EndProject
Project("{FAE04EC0-301F-11D3-BF4B-00C04F79EFBC}") = "Netcool.HttpProxy", "src\extensions\Netcool.HttpProxy\Netcool.HttpProxy.csproj", "{5A9F332D-F066-4112-B3BA-B582AAD30299}"
EndProject
Global
	GlobalSection(SolutionConfigurationPlatforms) = preSolution
		Debug|Any CPU = Debug|Any CPU
		Release|Any CPU = Release|Any CPU
	EndGlobalSection
	GlobalSection(ProjectConfigurationPlatforms) = postSolution
		{EA78C574-5590-40F1-A5C0-05D41C844F62}.Debug|Any CPU.ActiveCfg = Debug|Any CPU
		{EA78C574-5590-40F1-A5C0-05D41C844F62}.Debug|Any CPU.Build.0 = Debug|Any CPU
		{EA78C574-5590-40F1-A5C0-05D41C844F62}.Release|Any CPU.ActiveCfg = Release|Any CPU
		{EA78C574-5590-40F1-A5C0-05D41C844F62}.Release|Any CPU.Build.0 = Release|Any CPU
		{5D7273B0-2474-4529-8DD2-95ECB1023A91}.Debug|Any CPU.ActiveCfg = Debug|Any CPU
		{5D7273B0-2474-4529-8DD2-95ECB1023A91}.Debug|Any CPU.Build.0 = Debug|Any CPU
		{5D7273B0-2474-4529-8DD2-95ECB1023A91}.Release|Any CPU.ActiveCfg = Release|Any CPU
		{5D7273B0-2474-4529-8DD2-95ECB1023A91}.Release|Any CPU.Build.0 = Release|Any CPU
		{46CEBC5E-AE66-4649-BE0E-4FB3A3AED78D}.Debug|Any CPU.ActiveCfg = Debug|Any CPU
		{46CEBC5E-AE66-4649-BE0E-4FB3A3AED78D}.Debug|Any CPU.Build.0 = Debug|Any CPU
		{46CEBC5E-AE66-4649-BE0E-4FB3A3AED78D}.Release|Any CPU.ActiveCfg = Release|Any CPU
		{46CEBC5E-AE66-4649-BE0E-4FB3A3AED78D}.Release|Any CPU.Build.0 = Release|Any CPU
		{194AEE7B-A287-4343-9C22-4C2839D8729D}.Debug|Any CPU.ActiveCfg = Debug|Any CPU
		{194AEE7B-A287-4343-9C22-4C2839D8729D}.Debug|Any CPU.Build.0 = Debug|Any CPU
		{194AEE7B-A287-4343-9C22-4C2839D8729D}.Release|Any CPU.ActiveCfg = Release|Any CPU
		{194AEE7B-A287-4343-9C22-4C2839D8729D}.Release|Any CPU.Build.0 = Release|Any CPU
		{5A9F332D-F066-4112-B3BA-B582AAD30299}.Debug|Any CPU.ActiveCfg = Debug|Any CPU
		{5A9F332D-F066-4112-B3BA-B582AAD30299}.Debug|Any CPU.Build.0 = Debug|Any CPU
		{5A9F332D-F066-4112-B3BA-B582AAD30299}.Release|Any CPU.ActiveCfg = Release|Any CPU
		{5A9F332D-F066-4112-B3BA-B582AAD30299}.Release|Any CPU.Build.0 = Release|Any CPU
	EndGlobalSection
	GlobalSection(SolutionProperties) = preSolution
		HideSolutionNode = FALSE
	EndGlobalSection
	GlobalSection(NestedProjects) = preSolution
		{EA78C574-5590-40F1-A5C0-05D41C844F62} = {9D65CB28-545C-487A-A0EB-FA60E08AB833}
		{5D7273B0-2474-4529-8DD2-95ECB1023A91} = {9D65CB28-545C-487A-A0EB-FA60E08AB833}
		{46CEBC5E-AE66-4649-BE0E-4FB3A3AED78D} = {9D65CB28-545C-487A-A0EB-FA60E08AB833}
		{1C07C64C-3225-4EB5-95A0-5D94FBB548F0} = {9D65CB28-545C-487A-A0EB-FA60E08AB833}
		{194AEE7B-A287-4343-9C22-4C2839D8729D} = {1C07C64C-3225-4EB5-95A0-5D94FBB548F0}
		{5A9F332D-F066-4112-B3BA-B582AAD30299} = {1C07C64C-3225-4EB5-95A0-5D94FBB548F0}
	EndGlobalSection
	GlobalSection(ExtensibilityGlobals) = postSolution
		SolutionGuid = {839F28E8-142D-4869-BBE0-2DF038A938EC}
	EndGlobalSection
EndGlobal
